
Microsoft Visual Studio Solution File, Format Version 12.00
# Visual Studio Version 17
VisualStudioVersion = 17.14.36327.8 d17.14
MinimumVisualStudioVersion = 10.0.40219.1
Project("{FAE04EC0-301F-11D3-BF4B-00C04F79EFBC}") = "SistemaBiblioteca", "SistemaBiblioteca\SistemaBiblioteca.csproj", "{D3E305E0-298D-423D-B32F-21B9AFD7A2DC}"
EndProject
Global
	GlobalSection(SolutionConfigurationPlatforms) = preSolution
		Debug|Any CPU = Debug|Any CPU
		Release|Any CPU = Release|Any CPU
	EndGlobalSection
	GlobalSection(ProjectConfigurationPlatforms) = postSolution
		{D3E305E0-298D-423D-B32F-21B9AFD7A2DC}.Debug|Any CPU.ActiveCfg = Debug|Any CPU
		{D3E305E0-298D-423D-B32F-21B9AFD7A2DC}.Debug|Any CPU.Build.0 = Debug|Any CPU
		{D3E305E0-298D-423D-B32F-21B9AFD7A2DC}.Release|Any CPU.ActiveCfg = Release|Any CPU
		{D3E305E0-298D-423D-B32F-21B9AFD7A2DC}.Release|Any CPU.Build.0 = Release|Any CPU
	EndGlobalSection
	GlobalSection(SolutionProperties) = preSolution
		HideSolutionNode = FALSE
	EndGlobalSection
	GlobalSection(ExtensibilityGlobals) = postSolution
		SolutionGuid = {E842AB9F-8EBE-41E3-9D1D-D12E928B5FA5}
	EndGlobalSection
EndGlobal
